
Microsoft Visual Studio Solution File, Format Version 12.00
# Visual Studio Version 17
VisualStudioVersion = 17.14.36705.20 d17.14
MinimumVisualStudioVersion = 10.0.40219.1
Project("{FAE04EC0-301F-11D3-BF4B-00C04F79EFBC}") = "EvenNumbersApp", "EvenNumbersApp\EvenNumbersApp.csproj", "{0FFE0065-967D-4D8C-90CA-63863C8B33A5}"
EndProject
Global
	GlobalSection(SolutionConfigurationPlatforms) = preSolution
		Debug|Any CPU = Debug|Any CPU
		Release|Any CPU = Release|Any CPU
	EndGlobalSection
	GlobalSection(ProjectConfigurationPlatforms) = postSolution
		{0FFE0065-967D-4D8C-90CA-63863C8B33A5}.Debug|Any CPU.ActiveCfg = Debug|Any CPU
		{0FFE0065-967D-4D8C-90CA-63863C8B33A5}.Debug|Any CPU.Build.0 = Debug|Any CPU
		{0FFE0065-967D-4D8C-90CA-63863C8B33A5}.Release|Any CPU.ActiveCfg = Release|Any CPU
		{0FFE0065-967D-4D8C-90CA-63863C8B33A5}.Release|Any CPU.Build.0 = Release|Any CPU
	EndGlobalSection
	GlobalSection(SolutionProperties) = preSolution
		HideSolutionNode = FALSE
	EndGlobalSection
	GlobalSection(ExtensibilityGlobals) = postSolution
		SolutionGuid = {623DDB0F-5F8B-4595-9582-46CD5251A863}
	EndGlobalSection
EndGlobal
