
Microsoft Visual Studio Solution File, Format Version 12.00
Project("{FAE04EC0-301F-11D3-BF4B-00C04F79EFBC}") = "PurchaseCategoriesApp", "PurchaseCategoriesApp\PurchaseCategoriesApp.csproj", "{AA7CF960-80A1-4E12-9C39-D752B53EF284}"
EndProject
Global
	GlobalSection(SolutionConfigurationPlatforms) = preSolution
		Debug|Any CPU = Debug|Any CPU
		Release|Any CPU = Release|Any CPU
	EndGlobalSection
	GlobalSection(ProjectConfigurationPlatforms) = postSolution
		{AA7CF960-80A1-4E12-9C39-D752B53EF284}.Debug|Any CPU.ActiveCfg = Debug|Any CPU
		{AA7CF960-80A1-4E12-9C39-D752B53EF284}.Debug|Any CPU.Build.0 = Debug|Any CPU
		{AA7CF960-80A1-4E12-9C39-D752B53EF284}.Release|Any CPU.ActiveCfg = Release|Any CPU
		{AA7CF960-80A1-4E12-9C39-D752B53EF284}.Release|Any CPU.Build.0 = Release|Any CPU
	EndGlobalSection
EndGlobal
